<?xml version="1.0" encoding="utf-8"?>
<Project xmlns="http://schemas.microsoft.com/developer/msbuild/2003">
  <ItemGroup>
    <Filter Include="Form Files">
      <UniqueIdentifier>{99349809-55BA-4b9d-BF79-8FDBB0286EB3}</UniqueIdentifier>
      <Extensions>ui</Extensions>
      <ParseFiles>false</ParseFiles>
    </Filter>
    <Filter Include="Form Files">
      <UniqueIdentifier>{99349809-55BA-4b9d-BF79-8FDBB0286EB3}</UniqueIdentifier>
      <Extensions>ui</Extensions>
      <ParseFiles>false</ParseFiles>
    </Filter>
    <Filter Include="Generated Files">
      <UniqueIdentifier>{71ED8ED8-ACB9-4CE9-BBE1-E00B30144E11}</UniqueIdentifier>
      <Extensions>cpp;c;cxx;moc;h;def;odl;idl;res;</Extensions>
    </Filter>
    <Filter Include="Generated Files">
      <UniqueIdentifier>{71ED8ED8-ACB9-4CE9-BBE1-E00B30144E11}</UniqueIdentifier>
      <Extensions>cpp;c;cxx;moc;h;def;odl;idl;res;</Extensions>
    </Filter>
    <Filter Include="Header Files">
      <UniqueIdentifier>{93995380-89BD-4b04-88EB-625FBE52EBFB}</UniqueIdentifier>
      <Extensions>h;hpp;hxx;hm;inl;inc;xsd</Extensions>
    </Filter>
    <Filter Include="Header Files">
      <UniqueIdentifier>{93995380-89BD-4b04-88EB-625FBE52EBFB}</UniqueIdentifier>
      <Extensions>h;hpp;hxx;hm;inl;inc;xsd</Extensions>
    </Filter>
    <Filter Include="Source Files">
      <UniqueIdentifier>{4FC737F1-C7A5-4376-A066-2A32D752A2FF}</UniqueIdentifier>
      <Extensions>cpp;c;cxx;def;odl;idl;hpj;bat;asm;asmx</Extensions>
    </Filter>
    <Filter Include="Source Files">
      <UniqueIdentifier>{4FC737F1-C7A5-4376-A066-2A32D752A2FF}</UniqueIdentifier>
      <Extensions>cpp;c;cxx;def;odl;idl;hpj;bat;asm;asmx</Extensions>
    </Filter>
    <Filter Include="Distribution Files">
      <UniqueIdentifier>{B83CAF91-C7BF-462F-B76C-EA11631F866C}</UniqueIdentifier>
      <Extensions>*</Extensions>
      <ParseFiles>false</ParseFiles>
    </Filter>
    <Filter Include="Distribution Files">
      <UniqueIdentifier>{B83CAF91-C7BF-462F-B76C-EA11631F866C}</UniqueIdentifier>
      <Extensions>*</Extensions>
      <ParseFiles>false</ParseFiles>
    </Filter>
  </ItemGroup>
  <ItemGroup>
    <ClCompile Include="src\gen\Globals.cpp">
      <Filter>Source Files</Filter>
    </ClCompile>
    <ClCompile Include="main.cpp">
      <Filter>Source Files</Filter>
    </ClCompile>
    <ClCompile Include="src\gui\main.cpp">
      <Filter>Source Files</Filter>
    </ClCompile>
    <ClCompile Include="src\run\runKernel.cpp">
      <Filter>Source Files</Filter>
    </ClCompile>
    <ClCompile Include="src\gui\trs2.cpp">
      <Filter>Source Files</Filter>
    </ClCompile>
  </ItemGroup>
  <ItemGroup>
    <QtMoc Include="src\gui\AppLogger.h">
      <Filter>Header Files</Filter>
    </QtMoc>
    <ClInclude Include="src\step\ArdStep.ixx">
      <Filter>Header Files</Filter>
    </ClInclude>
    <ClInclude Include="src\gui\Binder.h">
      <Filter>Header Files</Filter>
    </ClInclude>
    <ClInclude Include="src\gen\Globals.ixx">
      <Filter>Header Files</Filter>
    </ClInclude>
    <ClInclude Include="src\spc\Spc.ixx">
      <Filter>Header Files</Filter>
    </ClInclude>
    <ClInclude Include="src\spc\SpcFactory.ixx">
      <Filter>Header Files</Filter>
    </ClInclude>
    <ClInclude Include="src\step\Step.ixx">
      <Filter>Header Files</Filter>
    </ClInclude>
    <ClInclude Include="src\step\StepFactory.ixx">
      <Filter>Header Files</Filter>
    </ClInclude>
    <ClInclude Include="src\spc\TestSpc.ixx">
      <Filter>Header Files</Filter>
    </ClInclude>
    <ClInclude Include="src\step\TestStep.ixx">
      <Filter>Header Files</Filter>
    </ClInclude>
    <ClInclude Include="src\run\runKernel.h">
      <Filter>Header Files</Filter>
    </ClInclude>
    <QtMoc Include="src\gui\trs2.h">
      <Filter>Header Files</Filter>
    </QtMoc>
    <ClInclude Include="src\gui\ui_trs2.h">
      <Filter>Header Files</Filter>
    </ClInclude>
  </ItemGroup>
  <ItemGroup>
    <CustomBuild Include="debug\moc_predefs.h.cbt">
      <Filter>Generated Files</Filter>
    </CustomBuild>
    <CustomBuild Include="release\moc_predefs.h.cbt">
      <Filter>Generated Files</Filter>
    </CustomBuild>
  </ItemGroup>
  <ItemGroup>
    <QtUic Include="src\gui\trs2.ui">
      <Filter>Form Files</Filter>
    </QtUic>
  </ItemGroup>
  <ItemGroup>
    <None Include="src\gen\Const.ixx">
      <Filter>Distribution Files</Filter>
    </None>
    <None Include="src\gen\Data.ixx">
      <Filter>Distribution Files</Filter>
    </None>
    <None Include="src\step\MicroStep.ixx">
      <Filter>Distribution Files</Filter>
    </None>
  </ItemGroup>
</Project>