
Microsoft Visual Studio Solution File, Format Version 12.00
# Visual Studio Version 17
VisualStudioVersion = 17.6.33829.357
MinimumVisualStudioVersion = 10.0.40219.1
Project("{8BC9CEB8-8B4A-11D0-8D11-00A0C91BC942}") = "TRS2", "TRS2.vcxproj", "{DC39BBB4-D029-3BE8-B4FD-7988C1737AA1}"
EndProject
Global
	GlobalSection(SolutionConfigurationPlatforms) = preSolution
		Debug|x64 = Debug|x64
		Release|x64 = Release|x64
	EndGlobalSection
	GlobalSection(ProjectConfigurationPlatforms) = postSolution
		{DC39BBB4-D029-3BE8-B4FD-7988C1737AA1}.Debug|x64.ActiveCfg = Debug|x64
		{DC39BBB4-D029-3BE8-B4FD-7988C1737AA1}.Debug|x64.Build.0 = Debug|x64
		{DC39BBB4-D029-3BE8-B4FD-7988C1737AA1}.Release|x64.ActiveCfg = Release|x64
		{DC39BBB4-D029-3BE8-B4FD-7988C1737AA1}.Release|x64.Build.0 = Release|x64
	EndGlobalSection
	GlobalSection(SolutionProperties) = preSolution
		HideSolutionNode = FALSE
	EndGlobalSection
	GlobalSection(ExtensibilityGlobals) = postSolution
		SolutionGuid = {8D6B753A-1DB1-4542-AF50-5F2243816676}
	EndGlobalSection
EndGlobal
